
Microsoft Visual Studio Solution File, Format Version 12.00
# Visual Studio Version 17
VisualStudioVersion = 17.4.33205.214
MinimumVisualStudioVersion = 10.0.40219.1
Project("{FAE04EC0-301F-11D3-BF4B-00C04F79EFBC}") = "MusicSchool", "MusicSchool\MusicSchool.csproj", "{7998655F-08BC-447D-87A8-12AD00298DFF}"
EndProject
Project("{FAE04EC0-301F-11D3-BF4B-00C04F79EFBC}") = "UnitTestProject", "UnitTestProject\UnitTestProject.csproj", "{12AF3725-5FC6-4FF8-86D2-98DEDEEAC260}"
EndProject
Global
	GlobalSection(SolutionConfigurationPlatforms) = preSolution
		Debug|Any CPU = Debug|Any CPU
		Release|Any CPU = Release|Any CPU
	EndGlobalSection
	GlobalSection(ProjectConfigurationPlatforms) = postSolution
		{7998655F-08BC-447D-87A8-12AD00298DFF}.Debug|Any CPU.ActiveCfg = Debug|Any CPU
		{7998655F-08BC-447D-87A8-12AD00298DFF}.Debug|Any CPU.Build.0 = Debug|Any CPU
		{7998655F-08BC-447D-87A8-12AD00298DFF}.Release|Any CPU.ActiveCfg = Release|Any CPU
		{7998655F-08BC-447D-87A8-12AD00298DFF}.Release|Any CPU.Build.0 = Release|Any CPU
		{12AF3725-5FC6-4FF8-86D2-98DEDEEAC260}.Debug|Any CPU.ActiveCfg = Debug|Any CPU
		{12AF3725-5FC6-4FF8-86D2-98DEDEEAC260}.Debug|Any CPU.Build.0 = Debug|Any CPU
		{12AF3725-5FC6-4FF8-86D2-98DEDEEAC260}.Release|Any CPU.ActiveCfg = Release|Any CPU
		{12AF3725-5FC6-4FF8-86D2-98DEDEEAC260}.Release|Any CPU.Build.0 = Release|Any CPU
	EndGlobalSection
	GlobalSection(SolutionProperties) = preSolution
		HideSolutionNode = FALSE
	EndGlobalSection
	GlobalSection(ExtensibilityGlobals) = postSolution
		SolutionGuid = {D3843114-65C1-4517-81B5-697CACC41EC5}
	EndGlobalSection
EndGlobal
